{
    "_readme": [
        "This file locks the dependencies of your project to a known state",
        "Read more about it at https://getcomposer.org/doc/01-basic-usage.md#installing-dependencies",
        "This file is @generated automatically"
    ],
    "content-hash": "12127e32879f9ca986c939d7213f4c24",
    "packages": [
        {
            "name": "gapple/structured-fields",
            "version": "v0.3.0",
            "source": {
                "type": "git",
                "url": "https://github.com/gapple/structured-fields.git",
                "reference": "fa589c0df6f9b654e6dab728501f4a50445eb6b5"
            },
            "dist": {
                "type": "zip",
                "url": "https://api.github.com/repos/gapple/structured-fields/zipball/fa589c0df6f9b654e6dab728501f4a50445eb6b5",
                "reference": "fa589c0df6f9b654e6dab728501f4a50445eb6b5",
                "shasum": ""
            },
            "require": {
                "php": "^7.2 || ^8.0"
            },
            "require-dev": {
                "ext-json": "*",
                "httpwg/structured-field-tests": "*@dev",
                "paragonie/constant_time_encoding": "^2.3",
                "phpunit/phpunit": "^8.5 || ^9.1",
                "squizlabs/php_codesniffer": "^3.5"
            },
            "type": "library",
            "autoload": {
                "psr-4": {
                    "gapple\\StructuredFields\\": "src/",
                    "gapple\\Tests\\StructuredFields\\": "tests/",
                    "gapple\\StructuredHeaders\\": "src/headers-compat"
                }
            },
            "notification-url": "https://packagist.org/downloads/",
            "license": [
                "MIT",
                "GPL-2.0-or-later"
            ],
            "authors": [
                {
                    "name": "Geoff Appleby"
                }
            ],
            "description": "Parser for Structured Field Values for HTTP",
            "support": {
                "issues": "https://github.com/gapple/structured-fields/issues",
                "source": "https://github.com/gapple/structured-fields"
            },
            "time": "2020-07-02T17:02:30+00:00"
        },
        {
            "name": "wikimedia/composer-merge-plugin",
            "version": "v2.0.1",
            "source": {
                "type": "git",
                "url": "https://github.com/wikimedia/composer-merge-plugin.git",
                "reference": "8ca2ed8ab97c8ebce6b39d9943e9909bb4f18912"
            },
            "dist": {
                "type": "zip",
                "url": "https://api.github.com/repos/wikimedia/composer-merge-plugin/zipball/8ca2ed8ab97c8ebce6b39d9943e9909bb4f18912",
                "reference": "8ca2ed8ab97c8ebce6b39d9943e9909bb4f18912",
                "shasum": ""
            },
            "require": {
                "composer-plugin-api": "^1.1||^2.0",
                "php": ">=7.2.0"
            },
            "require-dev": {
                "composer/composer": "^1.1||^2.0",
                "php-parallel-lint/php-parallel-lint": "~1.1.0",
                "phpunit/phpunit": "^8.5||^9.0",
                "squizlabs/php_codesniffer": "~3.5.4"
            },
            "type": "composer-plugin",
            "extra": {
                "branch-alias": {
                    "dev-master": "2.x-dev"
                },
                "class": "Wikimedia\\Composer\\Merge\\V2\\MergePlugin"
            },
            "autoload": {
                "psr-4": {
                    "Wikimedia\\Composer\\Merge\\V2\\": "src/"
                }
            },
            "notification-url": "https://packagist.org/downloads/",
            "license": [
                "MIT"
            ],
            "authors": [
                {
                    "name": "Bryan Davis",
                    "email": "bd808@wikimedia.org"
                }
            ],
            "description": "Composer plugin to merge multiple composer.json files",
            "support": {
                "issues": "https://github.com/wikimedia/composer-merge-plugin/issues",
                "source": "https://github.com/wikimedia/composer-merge-plugin/tree/v2.0.1"
            },
            "time": "2021-02-24T05:28:06+00:00"
        }
    ],
    "packages-dev": [],
    "aliases": [],
    "minimum-stability": "stable",
    "stability-flags": [],
    "prefer-stable": false,
    "prefer-lowest": false,
    "platform": [],
    "platform-dev": [],
    "plugin-api-version": "2.1.0"
}
